
Microsoft Visual Studio Solution File, Format Version 12.00
# Visual Studio Version 16
Project("{8BC9CEB8-8B4A-11D0-8D11-00A0C91BC942}") = "ALL_BUILD", "ALL_BUILD.vcxproj", "{801EF407-7C2D-3E95-B943-48B9D384BE1C}"
	ProjectSection(ProjectDependencies) = postProject
		{05DCDBBA-6E67-30C7-AD26-1DE6D65D6C0D} = {05DCDBBA-6E67-30C7-AD26-1DE6D65D6C0D}
		{6407217B-4CFA-3812-BF35-C6F491A33AAD} = {6407217B-4CFA-3812-BF35-C6F491A33AAD}
		{A328B6DC-2FD6-3712-BC55-860DBAB6792F} = {A328B6DC-2FD6-3712-BC55-860DBAB6792F}
		{171F97F1-E671-32F2-9DBD-976F1E78ADAB} = {171F97F1-E671-32F2-9DBD-976F1E78ADAB}
		{6A211586-2EB0-37F1-B872-A211F09AE1C7} = {6A211586-2EB0-37F1-B872-A211F09AE1C7}
	EndProjectSection
EndProject
Project("{8BC9CEB8-8B4A-11D0-8D11-00A0C91BC942}") = "INSTALL", "INSTALL.vcxproj", "{81D5FCED-1C88-39E0-A139-5A7AA2EA20FD}"
	ProjectSection(ProjectDependencies) = postProject
		{801EF407-7C2D-3E95-B943-48B9D384BE1C} = {801EF407-7C2D-3E95-B943-48B9D384BE1C}
		{171F97F1-E671-32F2-9DBD-976F1E78ADAB} = {171F97F1-E671-32F2-9DBD-976F1E78ADAB}
	EndProjectSection
EndProject
Project("{8BC9CEB8-8B4A-11D0-8D11-00A0C91BC942}") = "SovietInjector", "SovietInjector.vcxproj", "{05DCDBBA-6E67-30C7-AD26-1DE6D65D6C0D}"
	ProjectSection(ProjectDependencies) = postProject
		{171F97F1-E671-32F2-9DBD-976F1E78ADAB} = {171F97F1-E671-32F2-9DBD-976F1E78ADAB}
	EndProjectSection
EndProject
Project("{8BC9CEB8-8B4A-11D0-8D11-00A0C91BC942}") = "SovietREHelper", "SovietREHelper.vcxproj", "{6407217B-4CFA-3812-BF35-C6F491A33AAD}"
	ProjectSection(ProjectDependencies) = postProject
		{171F97F1-E671-32F2-9DBD-976F1E78ADAB} = {171F97F1-E671-32F2-9DBD-976F1E78ADAB}
	EndProjectSection
EndProject
Project("{8BC9CEB8-8B4A-11D0-8D11-00A0C91BC942}") = "SovietX", "SovietX.vcxproj", "{A328B6DC-2FD6-3712-BC55-860DBAB6792F}"
	ProjectSection(ProjectDependencies) = postProject
		{171F97F1-E671-32F2-9DBD-976F1E78ADAB} = {171F97F1-E671-32F2-9DBD-976F1E78ADAB}
		{6A211586-2EB0-37F1-B872-A211F09AE1C7} = {6A211586-2EB0-37F1-B872-A211F09AE1C7}
	EndProjectSection
EndProject
Project("{8BC9CEB8-8B4A-11D0-8D11-00A0C91BC942}") = "ZERO_CHECK", "ZERO_CHECK.vcxproj", "{171F97F1-E671-32F2-9DBD-976F1E78ADAB}"
	ProjectSection(ProjectDependencies) = postProject
	EndProjectSection
EndProject
Project("{8BC9CEB8-8B4A-11D0-8D11-00A0C91BC942}") = "minhook", "third_party\minhook\minhook.vcxproj", "{6A211586-2EB0-37F1-B872-A211F09AE1C7}"
	ProjectSection(ProjectDependencies) = postProject
		{171F97F1-E671-32F2-9DBD-976F1E78ADAB} = {171F97F1-E671-32F2-9DBD-976F1E78ADAB}
	EndProjectSection
EndProject
Global
	GlobalSection(SolutionConfigurationPlatforms) = preSolution
		Debug|x64 = Debug|x64
		Release|x64 = Release|x64
		MinSizeRel|x64 = MinSizeRel|x64
		RelWithDebInfo|x64 = RelWithDebInfo|x64
	EndGlobalSection
	GlobalSection(ProjectConfigurationPlatforms) = postSolution
		{801EF407-7C2D-3E95-B943-48B9D384BE1C}.Debug|x64.ActiveCfg = Debug|x64
		{801EF407-7C2D-3E95-B943-48B9D384BE1C}.Debug|x64.Build.0 = Debug|x64
		{801EF407-7C2D-3E95-B943-48B9D384BE1C}.Release|x64.ActiveCfg = Release|x64
		{801EF407-7C2D-3E95-B943-48B9D384BE1C}.Release|x64.Build.0 = Release|x64
		{801EF407-7C2D-3E95-B943-48B9D384BE1C}.MinSizeRel|x64.ActiveCfg = MinSizeRel|x64
		{801EF407-7C2D-3E95-B943-48B9D384BE1C}.MinSizeRel|x64.Build.0 = MinSizeRel|x64
		{801EF407-7C2D-3E95-B943-48B9D384BE1C}.RelWithDebInfo|x64.ActiveCfg = RelWithDebInfo|x64
		{801EF407-7C2D-3E95-B943-48B9D384BE1C}.RelWithDebInfo|x64.Build.0 = RelWithDebInfo|x64
		{81D5FCED-1C88-39E0-A139-5A7AA2EA20FD}.Debug|x64.ActiveCfg = Debug|x64
		{81D5FCED-1C88-39E0-A139-5A7AA2EA20FD}.Release|x64.ActiveCfg = Release|x64
		{81D5FCED-1C88-39E0-A139-5A7AA2EA20FD}.MinSizeRel|x64.ActiveCfg = MinSizeRel|x64
		{81D5FCED-1C88-39E0-A139-5A7AA2EA20FD}.RelWithDebInfo|x64.ActiveCfg = RelWithDebInfo|x64
		{05DCDBBA-6E67-30C7-AD26-1DE6D65D6C0D}.Debug|x64.ActiveCfg = Debug|x64
		{05DCDBBA-6E67-30C7-AD26-1DE6D65D6C0D}.Debug|x64.Build.0 = Debug|x64
		{05DCDBBA-6E67-30C7-AD26-1DE6D65D6C0D}.Release|x64.ActiveCfg = Release|x64
		{05DCDBBA-6E67-30C7-AD26-1DE6D65D6C0D}.Release|x64.Build.0 = Release|x64
		{05DCDBBA-6E67-30C7-AD26-1DE6D65D6C0D}.MinSizeRel|x64.ActiveCfg = MinSizeRel|x64
		{05DCDBBA-6E67-30C7-AD26-1DE6D65D6C0D}.MinSizeRel|x64.Build.0 = MinSizeRel|x64
		{05DCDBBA-6E67-30C7-AD26-1DE6D65D6C0D}.RelWithDebInfo|x64.ActiveCfg = RelWithDebInfo|x64
		{05DCDBBA-6E67-30C7-AD26-1DE6D65D6C0D}.RelWithDebInfo|x64.Build.0 = RelWithDebInfo|x64
		{6407217B-4CFA-3812-BF35-C6F491A33AAD}.Debug|x64.ActiveCfg = Debug|x64
		{6407217B-4CFA-3812-BF35-C6F491A33AAD}.Debug|x64.Build.0 = Debug|x64
		{6407217B-4CFA-3812-BF35-C6F491A33AAD}.Release|x64.ActiveCfg = Release|x64
		{6407217B-4CFA-3812-BF35-C6F491A33AAD}.Release|x64.Build.0 = Release|x64
		{6407217B-4CFA-3812-BF35-C6F491A33AAD}.MinSizeRel|x64.ActiveCfg = MinSizeRel|x64
		{6407217B-4CFA-3812-BF35-C6F491A33AAD}.MinSizeRel|x64.Build.0 = MinSizeRel|x64
		{6407217B-4CFA-3812-BF35-C6F491A33AAD}.RelWithDebInfo|x64.ActiveCfg = RelWithDebInfo|x64
		{6407217B-4CFA-3812-BF35-C6F491A33AAD}.RelWithDebInfo|x64.Build.0 = RelWithDebInfo|x64
		{A328B6DC-2FD6-3712-BC55-860DBAB6792F}.Debug|x64.ActiveCfg = Debug|x64
		{A328B6DC-2FD6-3712-BC55-860DBAB6792F}.Debug|x64.Build.0 = Debug|x64
		{A328B6DC-2FD6-3712-BC55-860DBAB6792F}.Release|x64.ActiveCfg = Release|x64
		{A328B6DC-2FD6-3712-BC55-860DBAB6792F}.Release|x64.Build.0 = Release|x64
		{A328B6DC-2FD6-3712-BC55-860DBAB6792F}.MinSizeRel|x64.ActiveCfg = MinSizeRel|x64
		{A328B6DC-2FD6-3712-BC55-860DBAB6792F}.MinSizeRel|x64.Build.0 = MinSizeRel|x64
		{A328B6DC-2FD6-3712-BC55-860DBAB6792F}.RelWithDebInfo|x64.ActiveCfg = RelWithDebInfo|x64
		{A328B6DC-2FD6-3712-BC55-860DBAB6792F}.RelWithDebInfo|x64.Build.0 = RelWithDebInfo|x64
		{171F97F1-E671-32F2-9DBD-976F1E78ADAB}.Debug|x64.ActiveCfg = Debug|x64
		{171F97F1-E671-32F2-9DBD-976F1E78ADAB}.Debug|x64.Build.0 = Debug|x64
		{171F97F1-E671-32F2-9DBD-976F1E78ADAB}.Release|x64.ActiveCfg = Release|x64
		{171F97F1-E671-32F2-9DBD-976F1E78ADAB}.Release|x64.Build.0 = Release|x64
		{171F97F1-E671-32F2-9DBD-976F1E78ADAB}.MinSizeRel|x64.ActiveCfg = MinSizeRel|x64
		{171F97F1-E671-32F2-9DBD-976F1E78ADAB}.MinSizeRel|x64.Build.0 = MinSizeRel|x64
		{171F97F1-E671-32F2-9DBD-976F1E78ADAB}.RelWithDebInfo|x64.ActiveCfg = RelWithDebInfo|x64
		{171F97F1-E671-32F2-9DBD-976F1E78ADAB}.RelWithDebInfo|x64.Build.0 = RelWithDebInfo|x64
		{6A211586-2EB0-37F1-B872-A211F09AE1C7}.Debug|x64.ActiveCfg = Debug|x64
		{6A211586-2EB0-37F1-B872-A211F09AE1C7}.Debug|x64.Build.0 = Debug|x64
		{6A211586-2EB0-37F1-B872-A211F09AE1C7}.Release|x64.ActiveCfg = Release|x64
		{6A211586-2EB0-37F1-B872-A211F09AE1C7}.Release|x64.Build.0 = Release|x64
		{6A211586-2EB0-37F1-B872-A211F09AE1C7}.MinSizeRel|x64.ActiveCfg = MinSizeRel|x64
		{6A211586-2EB0-37F1-B872-A211F09AE1C7}.MinSizeRel|x64.Build.0 = MinSizeRel|x64
		{6A211586-2EB0-37F1-B872-A211F09AE1C7}.RelWithDebInfo|x64.ActiveCfg = RelWithDebInfo|x64
		{6A211586-2EB0-37F1-B872-A211F09AE1C7}.RelWithDebInfo|x64.Build.0 = RelWithDebInfo|x64
	EndGlobalSection
	GlobalSection(ExtensibilityGlobals) = postSolution
		SolutionGuid = {F3256E50-38D0-3DCE-B2BC-672FEAF6628F}
	EndGlobalSection
	GlobalSection(ExtensibilityAddIns) = postSolution
	EndGlobalSection
EndGlobal
