
Microsoft Visual Studio Solution File, Format Version 12.00
# Visual Studio Version 16
Project("{8BC9CEB8-8B4A-11D0-8D11-00A0C91BC942}") = "ALL_BUILD", "ALL_BUILD.vcxproj", "{A4875FF4-7C7A-31C6-87FA-80257256335E}"
	ProjectSection(ProjectDependencies) = postProject
		{402AF9C6-D9B2-3A81-89FC-47175CFF9825} = {402AF9C6-D9B2-3A81-89FC-47175CFF9825}
		{7A1F398D-CA64-39F7-A343-AC3DBA9D4B04} = {7A1F398D-CA64-39F7-A343-AC3DBA9D4B04}
		{CE03D88C-C702-3888-9767-EE92259E4259} = {CE03D88C-C702-3888-9767-EE92259E4259}
		{631A642C-1CA9-3708-BE1B-D5F3EA95CC92} = {631A642C-1CA9-3708-BE1B-D5F3EA95CC92}
		{26BE5109-DD2D-3E13-8405-2D8BABAAA7B3} = {26BE5109-DD2D-3E13-8405-2D8BABAAA7B3}
	EndProjectSection
EndProject
Project("{8BC9CEB8-8B4A-11D0-8D11-00A0C91BC942}") = "INSTALL", "INSTALL.vcxproj", "{E4DAC668-3098-34D4-8434-1F4FB4F8B533}"
	ProjectSection(ProjectDependencies) = postProject
		{A4875FF4-7C7A-31C6-87FA-80257256335E} = {A4875FF4-7C7A-31C6-87FA-80257256335E}
		{631A642C-1CA9-3708-BE1B-D5F3EA95CC92} = {631A642C-1CA9-3708-BE1B-D5F3EA95CC92}
	EndProjectSection
EndProject
Project("{8BC9CEB8-8B4A-11D0-8D11-00A0C91BC942}") = "SovietInjector", "SovietInjector.vcxproj", "{402AF9C6-D9B2-3A81-89FC-47175CFF9825}"
	ProjectSection(ProjectDependencies) = postProject
		{631A642C-1CA9-3708-BE1B-D5F3EA95CC92} = {631A642C-1CA9-3708-BE1B-D5F3EA95CC92}
	EndProjectSection
EndProject
Project("{8BC9CEB8-8B4A-11D0-8D11-00A0C91BC942}") = "SovietREHelper", "SovietREHelper.vcxproj", "{7A1F398D-CA64-39F7-A343-AC3DBA9D4B04}"
	ProjectSection(ProjectDependencies) = postProject
		{631A642C-1CA9-3708-BE1B-D5F3EA95CC92} = {631A642C-1CA9-3708-BE1B-D5F3EA95CC92}
	EndProjectSection
EndProject
Project("{8BC9CEB8-8B4A-11D0-8D11-00A0C91BC942}") = "SovietX", "SovietX.vcxproj", "{CE03D88C-C702-3888-9767-EE92259E4259}"
	ProjectSection(ProjectDependencies) = postProject
		{631A642C-1CA9-3708-BE1B-D5F3EA95CC92} = {631A642C-1CA9-3708-BE1B-D5F3EA95CC92}
		{26BE5109-DD2D-3E13-8405-2D8BABAAA7B3} = {26BE5109-DD2D-3E13-8405-2D8BABAAA7B3}
	EndProjectSection
EndProject
Project("{8BC9CEB8-8B4A-11D0-8D11-00A0C91BC942}") = "ZERO_CHECK", "ZERO_CHECK.vcxproj", "{631A642C-1CA9-3708-BE1B-D5F3EA95CC92}"
	ProjectSection(ProjectDependencies) = postProject
	EndProjectSection
EndProject
Project("{8BC9CEB8-8B4A-11D0-8D11-00A0C91BC942}") = "minhook", "third_party\minhook\minhook.vcxproj", "{26BE5109-DD2D-3E13-8405-2D8BABAAA7B3}"
	ProjectSection(ProjectDependencies) = postProject
		{631A642C-1CA9-3708-BE1B-D5F3EA95CC92} = {631A642C-1CA9-3708-BE1B-D5F3EA95CC92}
	EndProjectSection
EndProject
Global
	GlobalSection(SolutionConfigurationPlatforms) = preSolution
		Debug|x64 = Debug|x64
		Release|x64 = Release|x64
		MinSizeRel|x64 = MinSizeRel|x64
		RelWithDebInfo|x64 = RelWithDebInfo|x64
	EndGlobalSection
	GlobalSection(ProjectConfigurationPlatforms) = postSolution
		{A4875FF4-7C7A-31C6-87FA-80257256335E}.Debug|x64.ActiveCfg = Debug|x64
		{A4875FF4-7C7A-31C6-87FA-80257256335E}.Debug|x64.Build.0 = Debug|x64
		{A4875FF4-7C7A-31C6-87FA-80257256335E}.Release|x64.ActiveCfg = Release|x64
		{A4875FF4-7C7A-31C6-87FA-80257256335E}.Release|x64.Build.0 = Release|x64
		{A4875FF4-7C7A-31C6-87FA-80257256335E}.MinSizeRel|x64.ActiveCfg = MinSizeRel|x64
		{A4875FF4-7C7A-31C6-87FA-80257256335E}.MinSizeRel|x64.Build.0 = MinSizeRel|x64
		{A4875FF4-7C7A-31C6-87FA-80257256335E}.RelWithDebInfo|x64.ActiveCfg = RelWithDebInfo|x64
		{A4875FF4-7C7A-31C6-87FA-80257256335E}.RelWithDebInfo|x64.Build.0 = RelWithDebInfo|x64
		{E4DAC668-3098-34D4-8434-1F4FB4F8B533}.Debug|x64.ActiveCfg = Debug|x64
		{E4DAC668-3098-34D4-8434-1F4FB4F8B533}.Release|x64.ActiveCfg = Release|x64
		{E4DAC668-3098-34D4-8434-1F4FB4F8B533}.MinSizeRel|x64.ActiveCfg = MinSizeRel|x64
		{E4DAC668-3098-34D4-8434-1F4FB4F8B533}.RelWithDebInfo|x64.ActiveCfg = RelWithDebInfo|x64
		{402AF9C6-D9B2-3A81-89FC-47175CFF9825}.Debug|x64.ActiveCfg = Debug|x64
		{402AF9C6-D9B2-3A81-89FC-47175CFF9825}.Debug|x64.Build.0 = Debug|x64
		{402AF9C6-D9B2-3A81-89FC-47175CFF9825}.Release|x64.ActiveCfg = Release|x64
		{402AF9C6-D9B2-3A81-89FC-47175CFF9825}.Release|x64.Build.0 = Release|x64
		{402AF9C6-D9B2-3A81-89FC-47175CFF9825}.MinSizeRel|x64.ActiveCfg = MinSizeRel|x64
		{402AF9C6-D9B2-3A81-89FC-47175CFF9825}.MinSizeRel|x64.Build.0 = MinSizeRel|x64
		{402AF9C6-D9B2-3A81-89FC-47175CFF9825}.RelWithDebInfo|x64.ActiveCfg = RelWithDebInfo|x64
		{402AF9C6-D9B2-3A81-89FC-47175CFF9825}.RelWithDebInfo|x64.Build.0 = RelWithDebInfo|x64
		{7A1F398D-CA64-39F7-A343-AC3DBA9D4B04}.Debug|x64.ActiveCfg = Debug|x64
		{7A1F398D-CA64-39F7-A343-AC3DBA9D4B04}.Debug|x64.Build.0 = Debug|x64
		{7A1F398D-CA64-39F7-A343-AC3DBA9D4B04}.Release|x64.ActiveCfg = Release|x64
		{7A1F398D-CA64-39F7-A343-AC3DBA9D4B04}.Release|x64.Build.0 = Release|x64
		{7A1F398D-CA64-39F7-A343-AC3DBA9D4B04}.MinSizeRel|x64.ActiveCfg = MinSizeRel|x64
		{7A1F398D-CA64-39F7-A343-AC3DBA9D4B04}.MinSizeRel|x64.Build.0 = MinSizeRel|x64
		{7A1F398D-CA64-39F7-A343-AC3DBA9D4B04}.RelWithDebInfo|x64.ActiveCfg = RelWithDebInfo|x64
		{7A1F398D-CA64-39F7-A343-AC3DBA9D4B04}.RelWithDebInfo|x64.Build.0 = RelWithDebInfo|x64
		{CE03D88C-C702-3888-9767-EE92259E4259}.Debug|x64.ActiveCfg = Debug|x64
		{CE03D88C-C702-3888-9767-EE92259E4259}.Debug|x64.Build.0 = Debug|x64
		{CE03D88C-C702-3888-9767-EE92259E4259}.Release|x64.ActiveCfg = Release|x64
		{CE03D88C-C702-3888-9767-EE92259E4259}.Release|x64.Build.0 = Release|x64
		{CE03D88C-C702-3888-9767-EE92259E4259}.MinSizeRel|x64.ActiveCfg = MinSizeRel|x64
		{CE03D88C-C702-3888-9767-EE92259E4259}.MinSizeRel|x64.Build.0 = MinSizeRel|x64
		{CE03D88C-C702-3888-9767-EE92259E4259}.RelWithDebInfo|x64.ActiveCfg = RelWithDebInfo|x64
		{CE03D88C-C702-3888-9767-EE92259E4259}.RelWithDebInfo|x64.Build.0 = RelWithDebInfo|x64
		{631A642C-1CA9-3708-BE1B-D5F3EA95CC92}.Debug|x64.ActiveCfg = Debug|x64
		{631A642C-1CA9-3708-BE1B-D5F3EA95CC92}.Debug|x64.Build.0 = Debug|x64
		{631A642C-1CA9-3708-BE1B-D5F3EA95CC92}.Release|x64.ActiveCfg = Release|x64
		{631A642C-1CA9-3708-BE1B-D5F3EA95CC92}.Release|x64.Build.0 = Release|x64
		{631A642C-1CA9-3708-BE1B-D5F3EA95CC92}.MinSizeRel|x64.ActiveCfg = MinSizeRel|x64
		{631A642C-1CA9-3708-BE1B-D5F3EA95CC92}.MinSizeRel|x64.Build.0 = MinSizeRel|x64
		{631A642C-1CA9-3708-BE1B-D5F3EA95CC92}.RelWithDebInfo|x64.ActiveCfg = RelWithDebInfo|x64
		{631A642C-1CA9-3708-BE1B-D5F3EA95CC92}.RelWithDebInfo|x64.Build.0 = RelWithDebInfo|x64
		{26BE5109-DD2D-3E13-8405-2D8BABAAA7B3}.Debug|x64.ActiveCfg = Debug|x64
		{26BE5109-DD2D-3E13-8405-2D8BABAAA7B3}.Debug|x64.Build.0 = Debug|x64
		{26BE5109-DD2D-3E13-8405-2D8BABAAA7B3}.Release|x64.ActiveCfg = Release|x64
		{26BE5109-DD2D-3E13-8405-2D8BABAAA7B3}.Release|x64.Build.0 = Release|x64
		{26BE5109-DD2D-3E13-8405-2D8BABAAA7B3}.MinSizeRel|x64.ActiveCfg = MinSizeRel|x64
		{26BE5109-DD2D-3E13-8405-2D8BABAAA7B3}.MinSizeRel|x64.Build.0 = MinSizeRel|x64
		{26BE5109-DD2D-3E13-8405-2D8BABAAA7B3}.RelWithDebInfo|x64.ActiveCfg = RelWithDebInfo|x64
		{26BE5109-DD2D-3E13-8405-2D8BABAAA7B3}.RelWithDebInfo|x64.Build.0 = RelWithDebInfo|x64
	EndGlobalSection
	GlobalSection(ExtensibilityGlobals) = postSolution
		SolutionGuid = {AE0D3C0B-001A-375A-A1F1-FADC692E28CF}
	EndGlobalSection
	GlobalSection(ExtensibilityAddIns) = postSolution
	EndGlobalSection
EndGlobal
